
Microsoft Visual Studio Solution File, Format Version 12.00
# Visual Studio Version 17
VisualStudioVersion = 17.11.35219.272
MinimumVisualStudioVersion = 10.0.40219.1
Project("{FAE04EC0-301F-11D3-BF4B-00C04F79EFBC}") = "GraphicsMouse", "GraphicsMouse\GraphicsMouse.csproj", "{D23A70EC-EEE9-405F-8C99-F3F2D5804B52}"
EndProject
Global
	GlobalSection(SolutionConfigurationPlatforms) = preSolution
		Debug|Any CPU = Debug|Any CPU
		Release|Any CPU = Release|Any CPU
	EndGlobalSection
	GlobalSection(ProjectConfigurationPlatforms) = postSolution
		{D23A70EC-EEE9-405F-8C99-F3F2D5804B52}.Debug|Any CPU.ActiveCfg = Debug|Any CPU
		{D23A70EC-EEE9-405F-8C99-F3F2D5804B52}.Debug|Any CPU.Build.0 = Debug|Any CPU
		{D23A70EC-EEE9-405F-8C99-F3F2D5804B52}.Release|Any CPU.ActiveCfg = Release|Any CPU
		{D23A70EC-EEE9-405F-8C99-F3F2D5804B52}.Release|Any CPU.Build.0 = Release|Any CPU
	EndGlobalSection
	GlobalSection(SolutionProperties) = preSolution
		HideSolutionNode = FALSE
	EndGlobalSection
	GlobalSection(ExtensibilityGlobals) = postSolution
		SolutionGuid = {96AD96ED-7452-4E81-8041-6E7E08A6C849}
	EndGlobalSection
EndGlobal
